{
  "name": "js-alg-ds",
  "version": "1.0.0",
  "lockfileVersion": 2,
  "requires": true,
  "packages": {
    "": {
      "name": "js-alg-ds",
      "version": "1.0.0",
      "license": "ISC",
      "dependencies": {
        "big-array-generator": "^1.0.0",
        "microprofiler": "^1.0.4"
      }
    },
    "node_modules/big-array-generator": {
      "version": "1.0.0",
      "resolved": "https://registry.npmjs.org/big-array-generator/-/big-array-generator-1.0.0.tgz",
      "integrity": "sha512-DnrJ3uSTT5Bi8uzBX+ALIayO1GcPx4ch8ro0zdy8+EA2qyKWR0Ml+HtNBDGkCVRv/YoSECOoIfyiHPORePV5Ew=="
    },
    "node_modules/log": {
      "version": "1.4.0",
      "resolved": "https://registry.npmjs.org/log/-/log-1.4.0.tgz",
      "integrity": "sha1-S6HYkP3iSbAx3KA7w36q8yVlbxw=",
      "engines": {
        "node": ">= 0.2.0"
      }
    },
    "node_modules/microprofiler": {
      "version": "1.0.4",
      "resolved": "https://registry.npmjs.org/microprofiler/-/microprofiler-1.0.4.tgz",
      "integrity": "sha512-QUCHtnmHkriAMbwn3JNSuBQGedZSeRxLuxCrHGQstfiK9AP9TSmQm/sSkGkFVHg1lVy9sp96TaT8b56K01RYmw==",
      "dependencies": {
        "log": "~1.4.0",
        "prototypes": "^2.3.3",
        "testing": "^1.1.1"
      },
      "engines": {
        "node": "*"
      }
    },
    "node_modules/prototypes": {
      "version": "2.3.5",
      "resolved": "https://registry.npmjs.org/prototypes/-/prototypes-2.3.5.tgz",
      "integrity": "sha512-Nci0TWpCnv5RBbQSW4XpA5MPVljlRX9Q9uDNyxmzsoWBX4pQ/X2pDo3HC7ks3ksmEmeetZDRPPE3kwWb46vDpw==",
      "engines": {
        "node": "*"
      }
    },
    "node_modules/testing": {
      "version": "1.1.2",
      "resolved": "https://registry.npmjs.org/testing/-/testing-1.1.2.tgz",
      "integrity": "sha512-+wHrDL29KsI3NQtgGmgdZ/MaUZhnVePbt5ZfiMn6ntDpv/kMWfdiBrg/lJqntor9H8+zQYxvfPLVowPPs1nVEg==",
      "dependencies": {
        "log": "1.4.0"
      },
      "engines": {
        "node": "*"
      }
    }
  },
  "dependencies": {
    "big-array-generator": {
      "version": "1.0.0",
      "resolved": "https://registry.npmjs.org/big-array-generator/-/big-array-generator-1.0.0.tgz",
      "integrity": "sha512-DnrJ3uSTT5Bi8uzBX+ALIayO1GcPx4ch8ro0zdy8+EA2qyKWR0Ml+HtNBDGkCVRv/YoSECOoIfyiHPORePV5Ew=="
    },
    "log": {
      "version": "1.4.0",
      "resolved": "https://registry.npmjs.org/log/-/log-1.4.0.tgz",
      "integrity": "sha1-S6HYkP3iSbAx3KA7w36q8yVlbxw="
    },
    "microprofiler": {
      "version": "1.0.4",
      "resolved": "https://registry.npmjs.org/microprofiler/-/microprofiler-1.0.4.tgz",
      "integrity": "sha512-QUCHtnmHkriAMbwn3JNSuBQGedZSeRxLuxCrHGQstfiK9AP9TSmQm/sSkGkFVHg1lVy9sp96TaT8b56K01RYmw==",
      "requires": {
        "log": "~1.4.0",
        "prototypes": "^2.3.3",
        "testing": "^1.1.1"
      }
    },
    "prototypes": {
      "version": "2.3.5",
      "resolved": "https://registry.npmjs.org/prototypes/-/prototypes-2.3.5.tgz",
      "integrity": "sha512-Nci0TWpCnv5RBbQSW4XpA5MPVljlRX9Q9uDNyxmzsoWBX4pQ/X2pDo3HC7ks3ksmEmeetZDRPPE3kwWb46vDpw=="
    },
    "testing": {
      "version": "1.1.2",
      "resolved": "https://registry.npmjs.org/testing/-/testing-1.1.2.tgz",
      "integrity": "sha512-+wHrDL29KsI3NQtgGmgdZ/MaUZhnVePbt5ZfiMn6ntDpv/kMWfdiBrg/lJqntor9H8+zQYxvfPLVowPPs1nVEg==",
      "requires": {
        "log": "1.4.0"
      }
    }
  }
}
